
Microsoft Visual Studio Solution File, Format Version 12.00
# Visual Studio Version 17
VisualStudioVersion = 17.7.34031.279
MinimumVisualStudioVersion = 10.0.40219.1
Project("{8BC9CEB8-8B4A-11D0-8D11-00A0C91BC942}") = "OOPL13_Stack_and_Q", "OOPL13_Stack_and_Q\OOPL13_Stack_and_Q.vcxproj", "{7F4D7496-2370-44F9-BE89-F0F7AE771560}"
EndProject
Global
	GlobalSection(SolutionConfigurationPlatforms) = preSolution
		Debug|x64 = Debug|x64
		Debug|x86 = Debug|x86
		Release|x64 = Release|x64
		Release|x86 = Release|x86
	EndGlobalSection
	GlobalSection(ProjectConfigurationPlatforms) = postSolution
		{7F4D7496-2370-44F9-BE89-F0F7AE771560}.Debug|x64.ActiveCfg = Debug|x64
		{7F4D7496-2370-44F9-BE89-F0F7AE771560}.Debug|x64.Build.0 = Debug|x64
		{7F4D7496-2370-44F9-BE89-F0F7AE771560}.Debug|x86.ActiveCfg = Debug|Win32
		{7F4D7496-2370-44F9-BE89-F0F7AE771560}.Debug|x86.Build.0 = Debug|Win32
		{7F4D7496-2370-44F9-BE89-F0F7AE771560}.Release|x64.ActiveCfg = Release|x64
		{7F4D7496-2370-44F9-BE89-F0F7AE771560}.Release|x64.Build.0 = Release|x64
		{7F4D7496-2370-44F9-BE89-F0F7AE771560}.Release|x86.ActiveCfg = Release|Win32
		{7F4D7496-2370-44F9-BE89-F0F7AE771560}.Release|x86.Build.0 = Release|Win32
	EndGlobalSection
	GlobalSection(SolutionProperties) = preSolution
		HideSolutionNode = FALSE
	EndGlobalSection
	GlobalSection(ExtensibilityGlobals) = postSolution
		SolutionGuid = {4FBF78BE-926A-49D4-B4C8-CD59E3A6DA3B}
	EndGlobalSection
EndGlobal
